<Solution>
  <Folder Name="/src/">
    <Project Path="src/DiceRoller.BuildingBlocks.Contracts/DiceRoller.BuildingBlocks.Contracts.csproj" />
    <Project Path="src/DiceRoller.BuildingBlocks.Domain/DiceRoller.BuildingBlocks.Domain.csproj" />
    <Project Path="src/DiceRoller.BuildingBlocks.Web/DiceRoller.BuildingBlocks.Web.csproj" />
  </Folder>
  <Folder Name="/tests/">
    <Project Path="tests/DiceRoller.BuildingBlocks.Tests/DiceRoller.BuildingBlocks.Tests.csproj" />
  </Folder>
  <Folder Name="/Solution Items/">
    <File Path=".editorconfig" />
    <File Path="Directory.Build.props" />
    <File Path="Directory.Packages.props" />
    <File Path="global.json" />
    <File Path="README.md" />
    <File Path="src/Directory.Build.props" />
  </Folder>
</Solution>
